// !$*UTF8*$!
{
	archiveVersion = 1;
	classes = {
	};
	objectVersion = 55;
	objects = {

/* Begin PBXBuildFile section */
		C4E7538827F69C2300451F0A /* AppDelegate.swift in Sources */ = {isa = PBXBuildFile; fileRef = C4E7538727F69C2300451F0A /* AppDelegate.swift */; };
		C4E7538A27F69C2300451F0A /* SceneDelegate.swift in Sources */ = {isa = PBXBuildFile; fileRef = C4E7538927F69C2300451F0A /* SceneDelegate.swift */; };
		C4E7538C27F69C2300451F0A /* ViewController.swift in Sources */ = {isa = PBXBuildFile; fileRef = C4E7538B27F69C2300451F0A /* ViewController.swift */; };
		C4E7538F27F69C2300451F0A /* Main.storyboard in Resources */ = {isa = PBXBuildFile; fileRef = C4E7538D27F69C2300451F0A /* Main.storyboard */; };
		C4E7539127F69C2400451F0A /* Assets.xcassets in Resources */ = {isa = PBXBuildFile; fileRef = C4E7539027F69C2400451F0A /* Assets.xcassets */; };
		C4E7539427F69C2400451F0A /* LaunchScreen.storyboard in Resources */ = {isa = PBXBuildFile; fileRef = C4E7539227F69C2400451F0A /* LaunchScreen.storyboard */; };
		C4E7539F27F69C2400451F0A /* helloiosTests.swift in Sources */ = {isa = PBXBuildFile; fileRef = C4E7539E27F69C2400451F0A /* helloiosTests.swift */; };
		C4E753A927F69C2400451F0A /* helloiosUITests.swift in Sources */ = {isa = PBXBuildFile; fileRef = C4E753A827F69C2400451F0A /* helloiosUITests.swift */; };
		C4E753AB27F69C2400451F0A /* helloiosUITestsLaunchTests.swift in Sources */ = {isa = PBXBuildFile; fileRef = C4E753AA27F69C2400451F0A /* helloiosUITestsLaunchTests.swift */; };
/* End PBXBuildFile section */

/* Begin PBXContainerItemProxy section */
		C4E7539B27F69C2400451F0A /* PBXContainerItemProxy */ = {
			isa = PBXContainerItemProxy;
			containerPortal = C4E7537C27F69C2200451F0A /* Project object */;
			proxyType = 1;
			remoteGlobalIDString = C4E7538327F69C2300451F0A;
			remoteInfo = helloios;
		};
		C4E753A527F69C2400451F0A /* PBXContainerItemProxy */ = {
			isa = PBXContainerItemProxy;
			containerPortal = C4E7537C27F69C2200451F0A /* Project object */;
			proxyType = 1;
			remoteGlobalIDString = C4E7538327F69C2300451F0A;
			remoteInfo = helloios;
		};
/* End PBXContainerItemProxy section */

/* Begin PBXFileReference section */
		C4E7538427F69C2300451F0A /* helloios.app */ = {isa = PBXFileReference; explicitFileType = wrapper.application; includeInIndex = 0; path = helloios.app; sourceTree = BUILT_PRODUCTS_DIR; };
		C4E7538727F69C2300451F0A /* AppDelegate.swift */ = {isa = PBXFileReference; lastKnownFileType = sourcecode.swift; path = AppDelegate.swift; sourceTree = "<group>"; };
		C4E7538927F69C2300451F0A /* SceneDelegate.swift */ = {isa = PBXFileReference; lastKnownFileType = sourcecode.swift; path = SceneDelegate.swift; sourceTree = "<group>"; };
		C4E7538B27F69C2300451F0A /* ViewController.swift */ = {isa = PBXFileReference; lastKnownFileType = sourcecode.swift; path = ViewController.swift; sourceTree = "<group>"; };
		C4E7538E27F69C2300451F0A /* Base */ = {isa = PBXFileReference; lastKnownFileType = file.storyboard; name = Base; path = Base.lproj/Main.storyboard; sourceTree = "<group>"; };
		C4E7539027F69C2400451F0A /* Assets.xcassets */ = {isa = PBXFileReference; lastKnownFileType = folder.assetcatalog; path = Assets.xcassets; sourceTree = "<group>"; };
		C4E7539327F69C2400451F0A /* Base */ = {isa = PBXFileReference; lastKnownFileType = file.storyboard; name = Base; path = Base.lproj/LaunchScreen.storyboard; sourceTree = "<group>"; };
		C4E7539527F69C2400451F0A /* Info.plist */ = {isa = PBXFileReference; lastKnownFileType = text.plist.xml; path = Info.plist; sourceTree = "<group>"; };
		C4E7539A27F69C2400451F0A /* helloiosTests.xctest */ = {isa = PBXFileReference; explicitFileType = wrapper.cfbundle; includeInIndex = 0; path = helloiosTests.xctest; sourceTree = BUILT_PRODUCTS_DIR; };
		C4E7539E27F69C2400451F0A /* helloiosTests.swift */ = {isa = PBXFileReference; lastKnownFileType = sourcecode.swift; path = helloiosTests.swift; sourceTree = "<group>"; };
		C4E753A427F69C2400451F0A /* helloiosUITests.xctest */ = {isa = PBXFileReference; explicitFileType = wrapper.cfbundle; includeInIndex = 0; path = helloiosUITests.xctest; sourceTree = BUILT_PRODUCTS_DIR; };
		C4E753A827F69C2400451F0A /* helloiosUITests.swift */ = {isa = PBXFileReference; lastKnownFileType = sourcecode.swift; path = helloiosUITests.swift; sourceTree = "<group>"; };
		C4E753AA27F69C2400451F0A /* helloiosUITestsLaunchTests.swift */ = {isa = PBXFileReference; lastKnownFileType = sourcecode.swift; path = helloiosUITestsLaunchTests.swift; sourceTree = "<group>"; };
/* End PBXFileReference section */

/* Begin PBXFrameworksBuildPhase section */
		C4E7538127F69C2300451F0A /* Frameworks */ = {
			isa = PBXFrameworksBuildPhase;
			buildActionMask = 2147483647;
			files = (
			);
			runOnlyForDeploymentPostprocessing = 0;
		};
		C4E7539727F69C2400451F0A /* Frameworks */ = {
			isa = PBXFrameworksBuildPhase;
			buildActionMask = 2147483647;
			files = (
			);
			runOnlyForDeploymentPostprocessing = 0;
		};
		C4E753A127F69C2400451F0A /* Frameworks */ = {
			isa = PBXFrameworksBuildPhase;
			buildActionMask = 2147483647;
			files = (
			);
			runOnlyForDeploymentPostprocessing = 0;
		};
/* End PBXFrameworksBuildPhase section */

/* Begin PBXGroup section */
		C4E7537B27F69C2200451F0A = {
			isa = PBXGroup;
			children = (
				C4E7538627F69C2300451F0A /* helloios */,
				C4E7539D27F69C2400451F0A /* helloiosTests */,
				C4E753A727F69C2400451F0A /* helloiosUITests */,
				C4E7538527F69C2300451F0A /* Products */,
			);
			sourceTree = "<group>";
		};
		C4E7538527F69C2300451F0A /* Products */ = {
			isa = PBXGroup;
			children = (
				C4E7538427F69C2300451F0A /* helloios.app */,
				C4E7539A27F69C2400451F0A /* helloiosTests.xctest */,
				C4E753A427F69C2400451F0A /* helloiosUITests.xctest */,
			);
			name = Products;
			sourceTree = "<group>";
		};
		C4E7538627F69C2300451F0A /* helloios */ = {
			isa = PBXGroup;
			children = (
				C4E7538727F69C2300451F0A /* AppDelegate.swift */,
				C4E7538927F69C2300451F0A /* SceneDelegate.swift */,
				C4E7538B27F69C2300451F0A /* ViewController.swift */,
				C4E7538D27F69C2300451F0A /* Main.storyboard */,
				C4E7539027F69C2400451F0A /* Assets.xcassets */,
				C4E7539227F69C2400451F0A /* LaunchScreen.storyboard */,
				C4E7539527F69C2400451F0A /* Info.plist */,
			);
			path = helloios;
			sourceTree = "<group>";
		};
		C4E7539D27F69C2400451F0A /* helloiosTests */ = {
			isa = PBXGroup;
			children = (
				C4E7539E27F69C2400451F0A /* helloiosTests.swift */,
			);
			path = helloiosTests;
			sourceTree = "<group>";
		};
		C4E753A727F69C2400451F0A /* helloiosUITests */ = {
			isa = PBXGroup;
			children = (
				C4E753A827F69C2400451F0A /* helloiosUITests.swift */,
				C4E753AA27F69C2400451F0A /* helloiosUITestsLaunchTests.swift */,
			);
			path = helloiosUITests;
			sourceTree = "<group>";
		};
/* End PBXGroup section */

/* Begin PBXNativeTarget section */
		C4E7538327F69C2300451F0A /* helloios */ = {
			isa = PBXNativeTarget;
			buildConfigurationList = C4E753AE27F69C2400451F0A /* Build configuration list for PBXNativeTarget "helloios" */;
			buildPhases = (
				C4E7538027F69C2300451F0A /* Sources */,
				C4E7538127F69C2300451F0A /* Frameworks */,
				C4E7538227F69C2300451F0A /* Resources */,
			);
			buildRules = (
			);
			dependencies = (
			);
			name = helloios;
			productName = helloios;
			productReference = C4E7538427F69C2300451F0A /* helloios.app */;
			productType = "com.apple.product-type.application";
		};
		C4E7539927F69C2400451F0A /* helloiosTests */ = {
			isa = PBXNativeTarget;
			buildConfigurationList = C4E753B127F69C2400451F0A /* Build configuration list for PBXNativeTarget "helloiosTests" */;
			buildPhases = (
				C4E7539627F69C2400451F0A /* Sources */,
				C4E7539727F69C2400451F0A /* Frameworks */,
				C4E7539827F69C2400451F0A /* Resources */,
			);
			buildRules = (
			);
			dependencies = (
				C4E7539C27F69C2400451F0A /* PBXTargetDependency */,
			);
			name = helloiosTests;
			productName = helloiosTests;
			productReference = C4E7539A27F69C2400451F0A /* helloiosTests.xctest */;
			productType = "com.apple.product-type.bundle.unit-test";
		};
		C4E753A327F69C2400451F0A /* helloiosUITests */ = {
			isa = PBXNativeTarget;
			buildConfigurationList = C4E753B427F69C2400451F0A /* Build configuration list for PBXNativeTarget "helloiosUITests" */;
			buildPhases = (
				C4E753A027F69C2400451F0A /* Sources */,
				C4E753A127F69C2400451F0A /* Frameworks */,
				C4E753A227F69C2400451F0A /* Resources */,
			);
			buildRules = (
			);
			dependencies = (
				C4E753A627F69C2400451F0A /* PBXTargetDependency */,
			);
			name = helloiosUITests;
			productName = helloiosUITests;
			productReference = C4E753A427F69C2400451F0A /* helloiosUITests.xctest */;
			productType = "com.apple.product-type.bundle.ui-testing";
		};
/* End PBXNativeTarget section */

/* Begin PBXProject section */
		C4E7537C27F69C2200451F0A /* Project object */ = {
			isa = PBXProject;
			attributes = {
				BuildIndependentTargetsInParallel = 1;
				LastSwiftUpdateCheck = 1330;
				LastUpgradeCheck = 1330;
				TargetAttributes = {
					C4E7538327F69C2300451F0A = {
						CreatedOnToolsVersion = 13.3;
					};
					C4E7539927F69C2400451F0A = {
						CreatedOnToolsVersion = 13.3;
						TestTargetID = C4E7538327F69C2300451F0A;
					};
					C4E753A327F69C2400451F0A = {
						CreatedOnToolsVersion = 13.3;
						TestTargetID = C4E7538327F69C2300451F0A;
					};
				};
			};
			buildConfigurationList = C4E7537F27F69C2200451F0A /* Build configuration list for PBXProject "helloios" */;
			compatibilityVersion = "Xcode 13.0";
			developmentRegion = en;
			hasScannedForEncodings = 0;
			knownRegions = (
				en,
				Base,
			);
			mainGroup = C4E7537B27F69C2200451F0A;
			productRefGroup = C4E7538527F69C2300451F0A /* Products */;
			projectDirPath = "";
			projectRoot = "";
			targets = (
				C4E7538327F69C2300451F0A /* helloios */,
				C4E7539927F69C2400451F0A /* helloiosTests */,
				C4E753A327F69C2400451F0A /* helloiosUITests */,
			);
		};
/* End PBXProject section */

/* Begin PBXResourcesBuildPhase section */
		C4E7538227F69C2300451F0A /* Resources */ = {
			isa = PBXResourcesBuildPhase;
			buildActionMask = 2147483647;
			files = (
				C4E7539427F69C2400451F0A /* LaunchScreen.storyboard in Resources */,
				C4E7539127F69C2400451F0A /* Assets.xcassets in Resources */,
				C4E7538F27F69C2300451F0A /* Main.storyboard in Resources */,
			);
			runOnlyForDeploymentPostprocessing = 0;
		};
		C4E7539827F69C2400451F0A /* Resources */ = {
			isa = PBXResourcesBuildPhase;
			buildActionMask = 2147483647;
			files = (
			);
			runOnlyForDeploymentPostprocessing = 0;
		};
		C4E753A227F69C2400451F0A /* Resources */ = {
			isa = PBXResourcesBuildPhase;
			buildActionMask = 2147483647;
			files = (
			);
			runOnlyForDeploymentPostprocessing = 0;
		};
/* End PBXResourcesBuildPhase section */

/* Begin PBXSourcesBuildPhase section */
		C4E7538027F69C2300451F0A /* Sources */ = {
			isa = PBXSourcesBuildPhase;
			buildActionMask = 2147483647;
			files = (
				C4E7538C27F69C2300451F0A /* ViewController.swift in Sources */,
				C4E7538827F69C2300451F0A /* AppDelegate.swift in Sources */,
				C4E7538A27F69C2300451F0A /* SceneDelegate.swift in Sources */,
			);
			runOnlyForDeploymentPostprocessing = 0;
		};
		C4E7539627F69C2400451F0A /* Sources */ = {
			isa = PBXSourcesBuildPhase;
			buildActionMask = 2147483647;
			files = (
				C4E7539F27F69C2400451F0A /* helloiosTests.swift in Sources */,
			);
			runOnlyForDeploymentPostprocessing = 0;
		};
		C4E753A027F69C2400451F0A /* Sources */ = {
			isa = PBXSourcesBuildPhase;
			buildActionMask = 2147483647;
			files = (
				C4E753AB27F69C2400451F0A /* helloiosUITestsLaunchTests.swift in Sources */,
				C4E753A927F69C2400451F0A /* helloiosUITests.swift in Sources */,
			);
			runOnlyForDeploymentPostprocessing = 0;
		};
/* End PBXSourcesBuildPhase section */

/* Begin PBXTargetDependency section */
		C4E7539C27F69C2400451F0A /* PBXTargetDependency */ = {
			isa = PBXTargetDependency;
			target = C4E7538327F69C2300451F0A /* helloios */;
			targetProxy = C4E7539B27F69C2400451F0A /* PBXContainerItemProxy */;
		};
		C4E753A627F69C2400451F0A /* PBXTargetDependency */ = {
			isa = PBXTargetDependency;
			target = C4E7538327F69C2300451F0A /* helloios */;
			targetProxy = C4E753A527F69C2400451F0A /* PBXContainerItemProxy */;
		};
/* End PBXTargetDependency section */

/* Begin PBXVariantGroup section */
		C4E7538D27F69C2300451F0A /* Main.storyboard */ = {
			isa = PBXVariantGroup;
			children = (
				C4E7538E27F69C2300451F0A /* Base */,
			);
			name = Main.storyboard;
			sourceTree = "<group>";
		};
		C4E7539227F69C2400451F0A /* LaunchScreen.storyboard */ = {
			isa = PBXVariantGroup;
			children = (
				C4E7539327F69C2400451F0A /* Base */,
			);
			name = LaunchScreen.storyboard;
			sourceTree = "<group>";
		};
/* End PBXVariantGroup section */

/* Begin XCBuildConfiguration section */
		C4E753AC27F69C2400451F0A /* Debug */ = {
			isa = XCBuildConfiguration;
			buildSettings = {
				ALWAYS_SEARCH_USER_PATHS = NO;
				CLANG_ANALYZER_NONNULL = YES;
				CLANG_ANALYZER_NUMBER_OBJECT_CONVERSION = YES_AGGRESSIVE;
				CLANG_CXX_LANGUAGE_STANDARD = "gnu++17";
				CLANG_ENABLE_MODULES = YES;
				CLANG_ENABLE_OBJC_ARC = YES;
				CLANG_ENABLE_OBJC_WEAK = YES;
				CLANG_WARN_BLOCK_CAPTURE_AUTORELEASING = YES;
				CLANG_WARN_BOOL_CONVERSION = YES;
				CLANG_WARN_COMMA = YES;
				CLANG_WARN_CONSTANT_CONVERSION = YES;
				CLANG_WARN_DEPRECATED_OBJC_IMPLEMENTATIONS = YES;
				CLANG_WARN_DIRECT_OBJC_ISA_USAGE = YES_ERROR;
				CLANG_WARN_DOCUMENTATION_COMMENTS = YES;
				CLANG_WARN_EMPTY_BODY = YES;
				CLANG_WARN_ENUM_CONVERSION = YES;
				CLANG_WARN_INFINITE_RECURSION = YES;
				CLANG_WARN_INT_CONVERSION = YES;
				CLANG_WARN_NON_LITERAL_NULL_CONVERSION = YES;
				CLANG_WARN_OBJC_IMPLICIT_RETAIN_SELF = YES;
				CLANG_WARN_OBJC_LITERAL_CONVERSION = YES;
				CLANG_WARN_OBJC_ROOT_CLASS = YES_ERROR;
				CLANG_WARN_QUOTED_INCLUDE_IN_FRAMEWORK_HEADER = YES;
				CLANG_WARN_RANGE_LOOP_ANALYSIS = YES;
				CLANG_WARN_STRICT_PROTOTYPES = YES;
				CLANG_WARN_SUSPICIOUS_MOVE = YES;
				CLANG_WARN_UNGUARDED_AVAILABILITY = YES_AGGRESSIVE;
				CLANG_WARN_UNREACHABLE_CODE = YES;
				CLANG_WARN__DUPLICATE_METHOD_MATCH = YES;
				COPY_PHASE_STRIP = NO;
				DEBUG_INFORMATION_FORMAT = dwarf;
				ENABLE_STRICT_OBJC_MSGSEND = YES;
				ENABLE_TESTABILITY = YES;
				GCC_C_LANGUAGE_STANDARD = gnu11;
				GCC_DYNAMIC_NO_PIC = NO;
				GCC_NO_COMMON_BLOCKS = YES;
				GCC_OPTIMIZATION_LEVEL = 0;
				GCC_PREPROCESSOR_DEFINITIONS = (
					"DEBUG=1",
					"$(inherited)",
				);
				GCC_WARN_64_TO_32_BIT_CONVERSION = YES;
				GCC_WARN_ABOUT_RETURN_TYPE = YES_ERROR;
				GCC_WARN_UNDECLARED_SELECTOR = YES;
				GCC_WARN_UNINITIALIZED_AUTOS = YES_AGGRESSIVE;
				GCC_WARN_UNUSED_FUNCTION = YES;
				GCC_WARN_UNUSED_VARIABLE = YES;
				IPHONEOS_DEPLOYMENT_TARGET = 15.4;
				MTL_ENABLE_DEBUG_INFO = INCLUDE_SOURCE;
				MTL_FAST_MATH = YES;
				ONLY_ACTIVE_ARCH = YES;
				SDKROOT = iphoneos;
				SWIFT_ACTIVE_COMPILATION_CONDITIONS = DEBUG;
				SWIFT_OPTIMIZATION_LEVEL = "-Onone";
			};
			name = Debug;
		};
		C4E753AD27F69C2400451F0A /* Release */ = {
			isa = XCBuildConfiguration;
			buildSettings = {
				ALWAYS_SEARCH_USER_PATHS = NO;
				CLANG_ANALYZER_NONNULL = YES;
				CLANG_ANALYZER_NUMBER_OBJECT_CONVERSION = YES_AGGRESSIVE;
				CLANG_CXX_LANGUAGE_STANDARD = "gnu++17";
				CLANG_ENABLE_MODULES = YES;
				CLANG_ENABLE_OBJC_ARC = YES;
				CLANG_ENABLE_OBJC_WEAK = YES;
				CLANG_WARN_BLOCK_CAPTURE_AUTORELEASING = YES;
				CLANG_WARN_BOOL_CONVERSION = YES;
				CLANG_WARN_COMMA = YES;
				CLANG_WARN_CONSTANT_CONVERSION = YES;
				CLANG_WARN_DEPRECATED_OBJC_IMPLEMENTATIONS = YES;
				CLANG_WARN_DIRECT_OBJC_ISA_USAGE = YES_ERROR;
				CLANG_WARN_DOCUMENTATION_COMMENTS = YES;
				CLANG_WARN_EMPTY_BODY = YES;
				CLANG_WARN_ENUM_CONVERSION = YES;
				CLANG_WARN_INFINITE_RECURSION = YES;
				CLANG_WARN_INT_CONVERSION = YES;
				CLANG_WARN_NON_LITERAL_NULL_CONVERSION = YES;
				CLANG_WARN_OBJC_IMPLICIT_RETAIN_SELF = YES;
				CLANG_WARN_OBJC_LITERAL_CONVERSION = YES;
				CLANG_WARN_OBJC_ROOT_CLASS = YES_ERROR;
				CLANG_WARN_QUOTED_INCLUDE_IN_FRAMEWORK_HEADER = YES;
				CLANG_WARN_RANGE_LOOP_ANALYSIS = YES;
				CLANG_WARN_STRICT_PROTOTYPES = YES;
				CLANG_WARN_SUSPICIOUS_MOVE = YES;
				CLANG_WARN_UNGUARDED_AVAILABILITY = YES_AGGRESSIVE;
				CLANG_WARN_UNREACHABLE_CODE = YES;
				CLANG_WARN__DUPLICATE_METHOD_MATCH = YES;
				COPY_PHASE_STRIP = NO;
				DEBUG_INFORMATION_FORMAT = "dwarf-with-dsym";
				ENABLE_NS_ASSERTIONS = NO;
				ENABLE_STRICT_OBJC_MSGSEND = YES;
				GCC_C_LANGUAGE_STANDARD = gnu11;
				GCC_NO_COMMON_BLOCKS = YES;
				GCC_WARN_64_TO_32_BIT_CONVERSION = YES;
				GCC_WARN_ABOUT_RETURN_TYPE = YES_ERROR;
				GCC_WARN_UNDECLARED_SELECTOR = YES;
				GCC_WARN_UNINITIALIZED_AUTOS = YES_AGGRESSIVE;
				GCC_WARN_UNUSED_FUNCTION = YES;
				GCC_WARN_UNUSED_VARIABLE = YES;
				IPHONEOS_DEPLOYMENT_TARGET = 15.4;
				MTL_ENABLE_DEBUG_INFO = NO;
				MTL_FAST_MATH = YES;
				SDKROOT = iphoneos;
				SWIFT_COMPILATION_MODE = wholemodule;
				SWIFT_OPTIMIZATION_LEVEL = "-O";
				VALIDATE_PRODUCT = YES;
			};
			name = Release;
		};
		C4E753AF27F69C2400451F0A /* Debug */ = {
			isa = XCBuildConfiguration;
			buildSettings = {
				ASSETCATALOG_COMPILER_APPICON_NAME = AppIcon;
				ASSETCATALOG_COMPILER_GLOBAL_ACCENT_COLOR_NAME = AccentColor;
				CODE_SIGN_STYLE = Automatic;
				CURRENT_PROJECT_VERSION = 1;
				DEVELOPMENT_TEAM = 7XV777MNWD;
				GENERATE_INFOPLIST_FILE = YES;
				INFOPLIST_FILE = helloios/Info.plist;
				INFOPLIST_KEY_UIApplicationSupportsIndirectInputEvents = YES;
				INFOPLIST_KEY_UILaunchStoryboardName = LaunchScreen;
				INFOPLIST_KEY_UIMainStoryboardFile = Main;
				INFOPLIST_KEY_UISupportedInterfaceOrientations_iPad = "UIInterfaceOrientationPortrait UIInterfaceOrientationPortraitUpsideDown UIInterfaceOrientationLandscapeLeft UIInterfaceOrientationLandscapeRight";
				INFOPLIST_KEY_UISupportedInterfaceOrientations_iPhone = "UIInterfaceOrientationPortrait UIInterfaceOrientationLandscapeLeft UIInterfaceOrientationLandscapeRight";
				LD_RUNPATH_SEARCH_PATHS = (
					"$(inherited)",
					"@executable_path/Frameworks",
				);
				MARKETING_VERSION = 1.0;
				PRODUCT_BUNDLE_IDENTIFIER = com.mkaryadi.helloios;
				PRODUCT_NAME = "$(TARGET_NAME)";
				SWIFT_EMIT_LOC_STRINGS = YES;
				SWIFT_VERSION = 5.0;
				TARGETED_DEVICE_FAMILY = "1,2";
			};
			name = Debug;
		};
		C4E753B027F69C2400451F0A /* Release */ = {
			isa = XCBuildConfiguration;
			buildSettings = {
				ASSETCATALOG_COMPILER_APPICON_NAME = AppIcon;
				ASSETCATALOG_COMPILER_GLOBAL_ACCENT_COLOR_NAME = AccentColor;
				CODE_SIGN_STYLE = Automatic;
				CURRENT_PROJECT_VERSION = 1;
				DEVELOPMENT_TEAM = 7XV777MNWD;
				GENERATE_INFOPLIST_FILE = YES;
				INFOPLIST_FILE = helloios/Info.plist;
				INFOPLIST_KEY_UIApplicationSupportsIndirectInputEvents = YES;
				INFOPLIST_KEY_UILaunchStoryboardName = LaunchScreen;
				INFOPLIST_KEY_UIMainStoryboardFile = Main;
				INFOPLIST_KEY_UISupportedInterfaceOrientations_iPad = "UIInterfaceOrientationPortrait UIInterfaceOrientationPortraitUpsideDown UIInterfaceOrientationLandscapeLeft UIInterfaceOrientationLandscapeRight";
				INFOPLIST_KEY_UISupportedInterfaceOrientations_iPhone = "UIInterfaceOrientationPortrait UIInterfaceOrientationLandscapeLeft UIInterfaceOrientationLandscapeRight";
				LD_RUNPATH_SEARCH_PATHS = (
					"$(inherited)",
					"@executable_path/Frameworks",
				);
				MARKETING_VERSION = 1.0;
				PRODUCT_BUNDLE_IDENTIFIER = com.mkaryadi.helloios;
				PRODUCT_NAME = "$(TARGET_NAME)";
				SWIFT_EMIT_LOC_STRINGS = YES;
				SWIFT_VERSION = 5.0;
				TARGETED_DEVICE_FAMILY = "1,2";
			};
			name = Release;
		};
		C4E753B227F69C2400451F0A /* Debug */ = {
			isa = XCBuildConfiguration;
			buildSettings = {
				ALWAYS_EMBED_SWIFT_STANDARD_LIBRARIES = YES;
				BUNDLE_LOADER = "$(TEST_HOST)";
				CODE_SIGN_STYLE = Automatic;
				CURRENT_PROJECT_VERSION = 1;
				DEVELOPMENT_TEAM = 7XV777MNWD;
				GENERATE_INFOPLIST_FILE = YES;
				IPHONEOS_DEPLOYMENT_TARGET = 15.4;
				MARKETING_VERSION = 1.0;
				PRODUCT_BUNDLE_IDENTIFIER = com.mkaryadi.helloiosTests;
				PRODUCT_NAME = "$(TARGET_NAME)";
				SWIFT_EMIT_LOC_STRINGS = NO;
				SWIFT_VERSION = 5.0;
				TARGETED_DEVICE_FAMILY = "1,2";
				TEST_HOST = "$(BUILT_PRODUCTS_DIR)/helloios.app/helloios";
			};
			name = Debug;
		};
		C4E753B327F69C2400451F0A /* Release */ = {
			isa = XCBuildConfiguration;
			buildSettings = {
				ALWAYS_EMBED_SWIFT_STANDARD_LIBRARIES = YES;
				BUNDLE_LOADER = "$(TEST_HOST)";
				CODE_SIGN_STYLE = Automatic;
				CURRENT_PROJECT_VERSION = 1;
				DEVELOPMENT_TEAM = 7XV777MNWD;
				GENERATE_INFOPLIST_FILE = YES;
				IPHONEOS_DEPLOYMENT_TARGET = 15.4;
				MARKETING_VERSION = 1.0;
				PRODUCT_BUNDLE_IDENTIFIER = com.mkaryadi.helloiosTests;
				PRODUCT_NAME = "$(TARGET_NAME)";
				SWIFT_EMIT_LOC_STRINGS = NO;
				SWIFT_VERSION = 5.0;
				TARGETED_DEVICE_FAMILY = "1,2";
				TEST_HOST = "$(BUILT_PRODUCTS_DIR)/helloios.app/helloios";
			};
			name = Release;
		};
		C4E753B527F69C2400451F0A /* Debug */ = {
			isa = XCBuildConfiguration;
			buildSettings = {
				ALWAYS_EMBED_SWIFT_STANDARD_LIBRARIES = YES;
				CODE_SIGN_STYLE = Automatic;
				CURRENT_PROJECT_VERSION = 1;
				DEVELOPMENT_TEAM = 7XV777MNWD;
				GENERATE_INFOPLIST_FILE = YES;
				MARKETING_VERSION = 1.0;
				PRODUCT_BUNDLE_IDENTIFIER = com.mkaryadi.helloiosUITests;
				PRODUCT_NAME = "$(TARGET_NAME)";
				SWIFT_EMIT_LOC_STRINGS = NO;
				SWIFT_VERSION = 5.0;
				TARGETED_DEVICE_FAMILY = "1,2";
				TEST_TARGET_NAME = helloios;
			};
			name = Debug;
		};
		C4E753B627F69C2400451F0A /* Release */ = {
			isa = XCBuildConfiguration;
			buildSettings = {
				ALWAYS_EMBED_SWIFT_STANDARD_LIBRARIES = YES;
				CODE_SIGN_STYLE = Automatic;
				CURRENT_PROJECT_VERSION = 1;
				DEVELOPMENT_TEAM = 7XV777MNWD;
				GENERATE_INFOPLIST_FILE = YES;
				MARKETING_VERSION = 1.0;
				PRODUCT_BUNDLE_IDENTIFIER = com.mkaryadi.helloiosUITests;
				PRODUCT_NAME = "$(TARGET_NAME)";
				SWIFT_EMIT_LOC_STRINGS = NO;
				SWIFT_VERSION = 5.0;
				TARGETED_DEVICE_FAMILY = "1,2";
				TEST_TARGET_NAME = helloios;
			};
			name = Release;
		};
/* End XCBuildConfiguration section */

/* Begin XCConfigurationList section */
		C4E7537F27F69C2200451F0A /* Build configuration list for PBXProject "helloios" */ = {
			isa = XCConfigurationList;
			buildConfigurations = (
				C4E753AC27F69C2400451F0A /* Debug */,
				C4E753AD27F69C2400451F0A /* Release */,
			);
			defaultConfigurationIsVisible = 0;
			defaultConfigurationName = Release;
		};
		C4E753AE27F69C2400451F0A /* Build configuration list for PBXNativeTarget "helloios" */ = {
			isa = XCConfigurationList;
			buildConfigurations = (
				C4E753AF27F69C2400451F0A /* Debug */,
				C4E753B027F69C2400451F0A /* Release */,
			);
			defaultConfigurationIsVisible = 0;
			defaultConfigurationName = Release;
		};
		C4E753B127F69C2400451F0A /* Build configuration list for PBXNativeTarget "helloiosTests" */ = {
			isa = XCConfigurationList;
			buildConfigurations = (
				C4E753B227F69C2400451F0A /* Debug */,
				C4E753B327F69C2400451F0A /* Release */,
			);
			defaultConfigurationIsVisible = 0;
			defaultConfigurationName = Release;
		};
		C4E753B427F69C2400451F0A /* Build configuration list for PBXNativeTarget "helloiosUITests" */ = {
			isa = XCConfigurationList;
			buildConfigurations = (
				C4E753B527F69C2400451F0A /* Debug */,
				C4E753B627F69C2400451F0A /* Release */,
			);
			defaultConfigurationIsVisible = 0;
			defaultConfigurationName = Release;
		};
/* End XCConfigurationList section */
	};
	rootObject = C4E7537C27F69C2200451F0A /* Project object */;
}
